
Microsoft Visual Studio Solution File, Format Version 12.00
# Visual Studio 15
VisualStudioVersion = 15.0.28010.2036
MinimumVisualStudioVersion = 10.0.40219.1
Project("{FAE04EC0-301F-11D3-BF4B-00C04F79EFBC}") = "MVVM_Player", "MVVM_Player\MVVM_Player.csproj", "{95E87DA3-5597-48AD-A0BE-A8905FB5FB8E}"
EndProject
Global
	GlobalSection(SolutionConfigurationPlatforms) = preSolution
		Debug|Any CPU = Debug|Any CPU
		Release|Any CPU = Release|Any CPU
	EndGlobalSection
	GlobalSection(ProjectConfigurationPlatforms) = postSolution
		{95E87DA3-5597-48AD-A0BE-A8905FB5FB8E}.Debug|Any CPU.ActiveCfg = Debug|Any CPU
		{95E87DA3-5597-48AD-A0BE-A8905FB5FB8E}.Debug|Any CPU.Build.0 = Debug|Any CPU
		{95E87DA3-5597-48AD-A0BE-A8905FB5FB8E}.Release|Any CPU.ActiveCfg = Release|Any CPU
		{95E87DA3-5597-48AD-A0BE-A8905FB5FB8E}.Release|Any CPU.Build.0 = Release|Any CPU
	EndGlobalSection
	GlobalSection(SolutionProperties) = preSolution
		HideSolutionNode = FALSE
	EndGlobalSection
	GlobalSection(ExtensibilityGlobals) = postSolution
		SolutionGuid = {8138603B-4991-444D-BCEF-24559F55D5C5}
	EndGlobalSection
EndGlobal
